{
  "name": "big-number",
  "version": "1.0.0",
  "lockfileVersion": 2,
  "requires": true,
  "packages": {
    "": {
      "name": "big-number",
      "version": "1.0.0",
      "dependencies": {
        "types-publisher": "^0.0.1-security"
      }
    },
    "node_modules/types-publisher": {
      "version": "0.0.1-security",
      "resolved": "https://registry.npmjs.org/types-publisher/-/types-publisher-0.0.1-security.tgz",
      "integrity": "sha512-2rmsQ9/5GAdp6ObJ/hSvWtqYwZU+2U/3TKKMlEUPyTTUZ98OM/DtlQ7QJoZqUzcj95d5xuaZtmWzhcJKOyKXwA=="
    }
  },
  "dependencies": {
    "types-publisher": {
      "version": "0.0.1-security",
      "resolved": "https://registry.npmjs.org/types-publisher/-/types-publisher-0.0.1-security.tgz",
      "integrity": "sha512-2rmsQ9/5GAdp6ObJ/hSvWtqYwZU+2U/3TKKMlEUPyTTUZ98OM/DtlQ7QJoZqUzcj95d5xuaZtmWzhcJKOyKXwA=="
    }
  }
}
